// !$*UTF8*$!
{
	archiveVersion = 1;
	classes = {
	};
	objectVersion = 46;
	objects = {

/* Begin PBXBuildFile section */
		4E702CF68B6807FB4CD870FC /* Pods_rainyShinyCloudyUITests.framework in Frameworks */ = {isa = PBXBuildFile; fileRef = EDF1C66C902EABCD256CE4B9 /* Pods_rainyShinyCloudyUITests.framework */; };
		6CE06944CBF2E6DDE23F21EB /* Pods_rainyShinyCloudy.framework in Frameworks */ = {isa = PBXBuildFile; fileRef = 39A6C114C407F05C3CA155A1 /* Pods_rainyShinyCloudy.framework */; };
		D691892D54F0B0F11DC3A5AF /* Pods_rainyShinyCloudyTests.framework in Frameworks */ = {isa = PBXBuildFile; fileRef = C4CCFF156DD2411E575D3CA1 /* Pods_rainyShinyCloudyTests.framework */; };
		F54E0CE31DDAC2B400652D6E /* AppDelegate.swift in Sources */ = {isa = PBXBuildFile; fileRef = F54E0CE21DDAC2B400652D6E /* AppDelegate.swift */; };
		F54E0CE51DDAC2B400652D6E /* WeatherVC.swift in Sources */ = {isa = PBXBuildFile; fileRef = F54E0CE41DDAC2B400652D6E /* WeatherVC.swift */; };
		F54E0CE81DDAC2B400652D6E /* Main.storyboard in Resources */ = {isa = PBXBuildFile; fileRef = F54E0CE61DDAC2B400652D6E /* Main.storyboard */; };
		F54E0CEA1DDAC2B400652D6E /* Assets.xcassets in Resources */ = {isa = PBXBuildFile; fileRef = F54E0CE91DDAC2B400652D6E /* Assets.xcassets */; };
		F54E0CED1DDAC2B400652D6E /* LaunchScreen.storyboard in Resources */ = {isa = PBXBuildFile; fileRef = F54E0CEB1DDAC2B400652D6E /* LaunchScreen.storyboard */; };
		F54E0CF81DDAC2B400652D6E /* rainyShinyCloudyTests.swift in Sources */ = {isa = PBXBuildFile; fileRef = F54E0CF71DDAC2B400652D6E /* rainyShinyCloudyTests.swift */; };
		F54E0D031DDAC2B400652D6E /* rainyShinyCloudyUITests.swift in Sources */ = {isa = PBXBuildFile; fileRef = F54E0D021DDAC2B400652D6E /* rainyShinyCloudyUITests.swift */; };
		F54E0D111DDCC30000652D6E /* Constants .swift in Sources */ = {isa = PBXBuildFile; fileRef = F54E0D101DDCC30000652D6E /* Constants .swift */; };
		F54E0D131DDCEB3700652D6E /* CurrentWeather.swift in Sources */ = {isa = PBXBuildFile; fileRef = F54E0D121DDCEB3700652D6E /* CurrentWeather.swift */; };
/* End PBXBuildFile section */

/* Begin PBXContainerItemProxy section */
		F54E0CF41DDAC2B400652D6E /* PBXContainerItemProxy */ = {
			isa = PBXContainerItemProxy;
			containerPortal = F54E0CD71DDAC2B400652D6E /* Project object */;
			proxyType = 1;
			remoteGlobalIDString = F54E0CDE1DDAC2B400652D6E;
			remoteInfo = rainyShinyCloudy;
		};
		F54E0CFF1DDAC2B400652D6E /* PBXContainerItemProxy */ = {
			isa = PBXContainerItemProxy;
			containerPortal = F54E0CD71DDAC2B400652D6E /* Project object */;
			proxyType = 1;
			remoteGlobalIDString = F54E0CDE1DDAC2B400652D6E;
			remoteInfo = rainyShinyCloudy;
		};
/* End PBXContainerItemProxy section */

/* Begin PBXFileReference section */
		39A6C114C407F05C3CA155A1 /* Pods_rainyShinyCloudy.framework */ = {isa = PBXFileReference; explicitFileType = wrapper.framework; includeInIndex = 0; path = Pods_rainyShinyCloudy.framework; sourceTree = BUILT_PRODUCTS_DIR; };
		53E3DD3E30F8A9FB2032D20F /* Pods-rainyShinyCloudyTests.release.xcconfig */ = {isa = PBXFileReference; includeInIndex = 1; lastKnownFileType = text.xcconfig; name = "Pods-rainyShinyCloudyTests.release.xcconfig"; path = "Pods/Target Support Files/Pods-rainyShinyCloudyTests/Pods-rainyShinyCloudyTests.release.xcconfig"; sourceTree = "<group>"; };
		551687C13FF5B1D47248B550 /* Pods-rainyShinyCloudyUITests.release.xcconfig */ = {isa = PBXFileReference; includeInIndex = 1; lastKnownFileType = text.xcconfig; name = "Pods-rainyShinyCloudyUITests.release.xcconfig"; path = "Pods/Target Support Files/Pods-rainyShinyCloudyUITests/Pods-rainyShinyCloudyUITests.release.xcconfig"; sourceTree = "<group>"; };
		661DCE5CF5A274DDD9A334BF /* Pods-rainyShinyCloudy.release.xcconfig */ = {isa = PBXFileReference; includeInIndex = 1; lastKnownFileType = text.xcconfig; name = "Pods-rainyShinyCloudy.release.xcconfig"; path = "Pods/Target Support Files/Pods-rainyShinyCloudy/Pods-rainyShinyCloudy.release.xcconfig"; sourceTree = "<group>"; };
		9539F989D2C516D95D66F4C4 /* Pods-rainyShinyCloudyUITests.debug.xcconfig */ = {isa = PBXFileReference; includeInIndex = 1; lastKnownFileType = text.xcconfig; name = "Pods-rainyShinyCloudyUITests.debug.xcconfig"; path = "Pods/Target Support Files/Pods-rainyShinyCloudyUITests/Pods-rainyShinyCloudyUITests.debug.xcconfig"; sourceTree = "<group>"; };
		A73B0092E99457AFFF0242E6 /* Pods-rainyShinyCloudyTests.debug.xcconfig */ = {isa = PBXFileReference; includeInIndex = 1; lastKnownFileType = text.xcconfig; name = "Pods-rainyShinyCloudyTests.debug.xcconfig"; path = "Pods/Target Support Files/Pods-rainyShinyCloudyTests/Pods-rainyShinyCloudyTests.debug.xcconfig"; sourceTree = "<group>"; };
		C4CCFF156DD2411E575D3CA1 /* Pods_rainyShinyCloudyTests.framework */ = {isa = PBXFileReference; explicitFileType = wrapper.framework; includeInIndex = 0; path = Pods_rainyShinyCloudyTests.framework; sourceTree = BUILT_PRODUCTS_DIR; };
		D04A4168F9A34368AB722DDB /* Pods-rainyShinyCloudy.debug.xcconfig */ = {isa = PBXFileReference; includeInIndex = 1; lastKnownFileType = text.xcconfig; name = "Pods-rainyShinyCloudy.debug.xcconfig"; path = "Pods/Target Support Files/Pods-rainyShinyCloudy/Pods-rainyShinyCloudy.debug.xcconfig"; sourceTree = "<group>"; };
		EDF1C66C902EABCD256CE4B9 /* Pods_rainyShinyCloudyUITests.framework */ = {isa = PBXFileReference; explicitFileType = wrapper.framework; includeInIndex = 0; path = Pods_rainyShinyCloudyUITests.framework; sourceTree = BUILT_PRODUCTS_DIR; };
		F54E0CDF1DDAC2B400652D6E /* rainyShinyCloudy.app */ = {isa = PBXFileReference; explicitFileType = wrapper.application; includeInIndex = 0; path = rainyShinyCloudy.app; sourceTree = BUILT_PRODUCTS_DIR; };
		F54E0CE21DDAC2B400652D6E /* AppDelegate.swift */ = {isa = PBXFileReference; lastKnownFileType = sourcecode.swift; path = AppDelegate.swift; sourceTree = "<group>"; };
		F54E0CE41DDAC2B400652D6E /* WeatherVC.swift */ = {isa = PBXFileReference; lastKnownFileType = sourcecode.swift; path = WeatherVC.swift; sourceTree = "<group>"; };
		F54E0CE71DDAC2B400652D6E /* Base */ = {isa = PBXFileReference; lastKnownFileType = file.storyboard; name = Base; path = Base.lproj/Main.storyboard; sourceTree = "<group>"; };
		F54E0CE91DDAC2B400652D6E /* Assets.xcassets */ = {isa = PBXFileReference; lastKnownFileType = folder.assetcatalog; path = Assets.xcassets; sourceTree = "<group>"; };
		F54E0CEC1DDAC2B400652D6E /* Base */ = {isa = PBXFileReference; lastKnownFileType = file.storyboard; name = Base; path = Base.lproj/LaunchScreen.storyboard; sourceTree = "<group>"; };
		F54E0CEE1DDAC2B400652D6E /* Info.plist */ = {isa = PBXFileReference; lastKnownFileType = text.plist.xml; path = Info.plist; sourceTree = "<group>"; };
		F54E0CF31DDAC2B400652D6E /* rainyShinyCloudyTests.xctest */ = {isa = PBXFileReference; explicitFileType = wrapper.cfbundle; includeInIndex = 0; path = rainyShinyCloudyTests.xctest; sourceTree = BUILT_PRODUCTS_DIR; };
		F54E0CF71DDAC2B400652D6E /* rainyShinyCloudyTests.swift */ = {isa = PBXFileReference; lastKnownFileType = sourcecode.swift; path = rainyShinyCloudyTests.swift; sourceTree = "<group>"; };
		F54E0CF91DDAC2B400652D6E /* Info.plist */ = {isa = PBXFileReference; lastKnownFileType = text.plist.xml; path = Info.plist; sourceTree = "<group>"; };
		F54E0CFE1DDAC2B400652D6E /* rainyShinyCloudyUITests.xctest */ = {isa = PBXFileReference; explicitFileType = wrapper.cfbundle; includeInIndex = 0; path = rainyShinyCloudyUITests.xctest; sourceTree = BUILT_PRODUCTS_DIR; };
		F54E0D021DDAC2B400652D6E /* rainyShinyCloudyUITests.swift */ = {isa = PBXFileReference; lastKnownFileType = sourcecode.swift; path = rainyShinyCloudyUITests.swift; sourceTree = "<group>"; };
		F54E0D041DDAC2B400652D6E /* Info.plist */ = {isa = PBXFileReference; lastKnownFileType = text.plist.xml; path = Info.plist; sourceTree = "<group>"; };
		F54E0D101DDCC30000652D6E /* Constants .swift */ = {isa = PBXFileReference; fileEncoding = 4; lastKnownFileType = sourcecode.swift; path = "Constants .swift"; sourceTree = "<group>"; };
		F54E0D121DDCEB3700652D6E /* CurrentWeather.swift */ = {isa = PBXFileReference; fileEncoding = 4; lastKnownFileType = sourcecode.swift; path = CurrentWeather.swift; sourceTree = "<group>"; };
/* End PBXFileReference section */

/* Begin PBXFrameworksBuildPhase section */
		F54E0CDC1DDAC2B400652D6E /* Frameworks */ = {
			isa = PBXFrameworksBuildPhase;
			buildActionMask = 2147483647;
			files = (
				6CE06944CBF2E6DDE23F21EB /* Pods_rainyShinyCloudy.framework in Frameworks */,
			);
			runOnlyForDeploymentPostprocessing = 0;
		};
		F54E0CF01DDAC2B400652D6E /* Frameworks */ = {
			isa = PBXFrameworksBuildPhase;
			buildActionMask = 2147483647;
			files = (
				D691892D54F0B0F11DC3A5AF /* Pods_rainyShinyCloudyTests.framework in Frameworks */,
			);
			runOnlyForDeploymentPostprocessing = 0;
		};
		F54E0CFB1DDAC2B400652D6E /* Frameworks */ = {
			isa = PBXFrameworksBuildPhase;
			buildActionMask = 2147483647;
			files = (
				4E702CF68B6807FB4CD870FC /* Pods_rainyShinyCloudyUITests.framework in Frameworks */,
			);
			runOnlyForDeploymentPostprocessing = 0;
		};
/* End PBXFrameworksBuildPhase section */

/* Begin PBXGroup section */
		ADA3F471C7377DECD197D319 /* Pods */ = {
			isa = PBXGroup;
			children = (
				D04A4168F9A34368AB722DDB /* Pods-rainyShinyCloudy.debug.xcconfig */,
				661DCE5CF5A274DDD9A334BF /* Pods-rainyShinyCloudy.release.xcconfig */,
				A73B0092E99457AFFF0242E6 /* Pods-rainyShinyCloudyTests.debug.xcconfig */,
				53E3DD3E30F8A9FB2032D20F /* Pods-rainyShinyCloudyTests.release.xcconfig */,
				9539F989D2C516D95D66F4C4 /* Pods-rainyShinyCloudyUITests.debug.xcconfig */,
				551687C13FF5B1D47248B550 /* Pods-rainyShinyCloudyUITests.release.xcconfig */,
			);
			name = Pods;
			sourceTree = "<group>";
		};
		F54E0CD61DDAC2B400652D6E = {
			isa = PBXGroup;
			children = (
				F54E0CE11DDAC2B400652D6E /* rainyShinyCloudy */,
				F54E0CF61DDAC2B400652D6E /* rainyShinyCloudyTests */,
				F54E0D011DDAC2B400652D6E /* rainyShinyCloudyUITests */,
				F54E0CE01DDAC2B400652D6E /* Products */,
				ADA3F471C7377DECD197D319 /* Pods */,
				FE2A5BEDA89508255ECF546E /* Frameworks */,
			);
			sourceTree = "<group>";
		};
		F54E0CE01DDAC2B400652D6E /* Products */ = {
			isa = PBXGroup;
			children = (
				F54E0CDF1DDAC2B400652D6E /* rainyShinyCloudy.app */,
				F54E0CF31DDAC2B400652D6E /* rainyShinyCloudyTests.xctest */,
				F54E0CFE1DDAC2B400652D6E /* rainyShinyCloudyUITests.xctest */,
			);
			name = Products;
			sourceTree = "<group>";
		};
		F54E0CE11DDAC2B400652D6E /* rainyShinyCloudy */ = {
			isa = PBXGroup;
			children = (
				F54E0CE21DDAC2B400652D6E /* AppDelegate.swift */,
				F54E0CE41DDAC2B400652D6E /* WeatherVC.swift */,
				F54E0D101DDCC30000652D6E /* Constants .swift */,
				F54E0D121DDCEB3700652D6E /* CurrentWeather.swift */,
				F54E0CE61DDAC2B400652D6E /* Main.storyboard */,
				F54E0CE91DDAC2B400652D6E /* Assets.xcassets */,
				F54E0CEB1DDAC2B400652D6E /* LaunchScreen.storyboard */,
				F54E0CEE1DDAC2B400652D6E /* Info.plist */,
			);
			path = rainyShinyCloudy;
			sourceTree = "<group>";
		};
		F54E0CF61DDAC2B400652D6E /* rainyShinyCloudyTests */ = {
			isa = PBXGroup;
			children = (
				F54E0CF71DDAC2B400652D6E /* rainyShinyCloudyTests.swift */,
				F54E0CF91DDAC2B400652D6E /* Info.plist */,
			);
			path = rainyShinyCloudyTests;
			sourceTree = "<group>";
		};
		F54E0D011DDAC2B400652D6E /* rainyShinyCloudyUITests */ = {
			isa = PBXGroup;
			children = (
				F54E0D021DDAC2B400652D6E /* rainyShinyCloudyUITests.swift */,
				F54E0D041DDAC2B400652D6E /* Info.plist */,
			);
			path = rainyShinyCloudyUITests;
			sourceTree = "<group>";
		};
		FE2A5BEDA89508255ECF546E /* Frameworks */ = {
			isa = PBXGroup;
			children = (
				39A6C114C407F05C3CA155A1 /* Pods_rainyShinyCloudy.framework */,
				C4CCFF156DD2411E575D3CA1 /* Pods_rainyShinyCloudyTests.framework */,
				EDF1C66C902EABCD256CE4B9 /* Pods_rainyShinyCloudyUITests.framework */,
			);
			name = Frameworks;
			sourceTree = "<group>";
		};
/* End PBXGroup section */

/* Begin PBXNativeTarget section */
		F54E0CDE1DDAC2B400652D6E /* rainyShinyCloudy */ = {
			isa = PBXNativeTarget;
			buildConfigurationList = F54E0D071DDAC2B400652D6E /* Build configuration list for PBXNativeTarget "rainyShinyCloudy" */;
			buildPhases = (
				7C8E4927067F1AB0C7818A79 /* [CP] Check Pods Manifest.lock */,
				F54E0CDB1DDAC2B400652D6E /* Sources */,
				F54E0CDC1DDAC2B400652D6E /* Frameworks */,
				F54E0CDD1DDAC2B400652D6E /* Resources */,
				F4BA6290B80592E4D164F946 /* [CP] Embed Pods Frameworks */,
				63BA4972E32DC0E1C6AEBD69 /* [CP] Copy Pods Resources */,
			);
			buildRules = (
			);
			dependencies = (
			);
			name = rainyShinyCloudy;
			productName = rainyShinyCloudy;
			productReference = F54E0CDF1DDAC2B400652D6E /* rainyShinyCloudy.app */;
			productType = "com.apple.product-type.application";
		};
		F54E0CF21DDAC2B400652D6E /* rainyShinyCloudyTests */ = {
			isa = PBXNativeTarget;
			buildConfigurationList = F54E0D0A1DDAC2B400652D6E /* Build configuration list for PBXNativeTarget "rainyShinyCloudyTests" */;
			buildPhases = (
				04D71A71582F76ABD0FDE996 /* [CP] Check Pods Manifest.lock */,
				F54E0CEF1DDAC2B400652D6E /* Sources */,
				F54E0CF01DDAC2B400652D6E /* Frameworks */,
				F54E0CF11DDAC2B400652D6E /* Resources */,
				0060CE05574DFA824471AD91 /* [CP] Embed Pods Frameworks */,
				7BA5169E523A5664EA3AD23E /* [CP] Copy Pods Resources */,
			);
			buildRules = (
			);
			dependencies = (
				F54E0CF51DDAC2B400652D6E /* PBXTargetDependency */,
			);
			name = rainyShinyCloudyTests;
			productName = rainyShinyCloudyTests;
			productReference = F54E0CF31DDAC2B400652D6E /* rainyShinyCloudyTests.xctest */;
			productType = "com.apple.product-type.bundle.unit-test";
		};
		F54E0CFD1DDAC2B400652D6E /* rainyShinyCloudyUITests */ = {
			isa = PBXNativeTarget;
			buildConfigurationList = F54E0D0D1DDAC2B400652D6E /* Build configuration list for PBXNativeTarget "rainyShinyCloudyUITests" */;
			buildPhases = (
				C81ED4CD085557F37E8481C1 /* [CP] Check Pods Manifest.lock */,
				F54E0CFA1DDAC2B400652D6E /* Sources */,
				F54E0CFB1DDAC2B400652D6E /* Frameworks */,
				F54E0CFC1DDAC2B400652D6E /* Resources */,
				463D6579A3BED55B8BE97504 /* [CP] Embed Pods Frameworks */,
				00E6A47A6AE891B9D72FDDAE /* [CP] Copy Pods Resources */,
			);
			buildRules = (
			);
			dependencies = (
				F54E0D001DDAC2B400652D6E /* PBXTargetDependency */,
			);
			name = rainyShinyCloudyUITests;
			productName = rainyShinyCloudyUITests;
			productReference = F54E0CFE1DDAC2B400652D6E /* rainyShinyCloudyUITests.xctest */;
			productType = "com.apple.product-type.bundle.ui-testing";
		};
/* End PBXNativeTarget section */

/* Begin PBXProject section */
		F54E0CD71DDAC2B400652D6E /* Project object */ = {
			isa = PBXProject;
			attributes = {
				LastSwiftUpdateCheck = 0800;
				LastUpgradeCheck = 0800;
				ORGANIZATIONNAME = "Sandhya Ram";
				TargetAttributes = {
					F54E0CDE1DDAC2B400652D6E = {
						CreatedOnToolsVersion = 8.0;
						ProvisioningStyle = Automatic;
					};
					F54E0CF21DDAC2B400652D6E = {
						CreatedOnToolsVersion = 8.0;
						ProvisioningStyle = Automatic;
						TestTargetID = F54E0CDE1DDAC2B400652D6E;
					};
					F54E0CFD1DDAC2B400652D6E = {
						CreatedOnToolsVersion = 8.0;
						ProvisioningStyle = Automatic;
						TestTargetID = F54E0CDE1DDAC2B400652D6E;
					};
				};
			};
			buildConfigurationList = F54E0CDA1DDAC2B400652D6E /* Build configuration list for PBXProject "rainyShinyCloudy" */;
			compatibilityVersion = "Xcode 3.2";
			developmentRegion = English;
			hasScannedForEncodings = 0;
			knownRegions = (
				en,
				Base,
			);
			mainGroup = F54E0CD61DDAC2B400652D6E;
			productRefGroup = F54E0CE01DDAC2B400652D6E /* Products */;
			projectDirPath = "";
			projectRoot = "";
			targets = (
				F54E0CDE1DDAC2B400652D6E /* rainyShinyCloudy */,
				F54E0CF21DDAC2B400652D6E /* rainyShinyCloudyTests */,
				F54E0CFD1DDAC2B400652D6E /* rainyShinyCloudyUITests */,
			);
		};
/* End PBXProject section */

/* Begin PBXResourcesBuildPhase section */
		F54E0CDD1DDAC2B400652D6E /* Resources */ = {
			isa = PBXResourcesBuildPhase;
			buildActionMask = 2147483647;
			files = (
				F54E0CED1DDAC2B400652D6E /* LaunchScreen.storyboard in Resources */,
				F54E0CEA1DDAC2B400652D6E /* Assets.xcassets in Resources */,
				F54E0CE81DDAC2B400652D6E /* Main.storyboard in Resources */,
			);
			runOnlyForDeploymentPostprocessing = 0;
		};
		F54E0CF11DDAC2B400652D6E /* Resources */ = {
			isa = PBXResourcesBuildPhase;
			buildActionMask = 2147483647;
			files = (
			);
			runOnlyForDeploymentPostprocessing = 0;
		};
		F54E0CFC1DDAC2B400652D6E /* Resources */ = {
			isa = PBXResourcesBuildPhase;
			buildActionMask = 2147483647;
			files = (
			);
			runOnlyForDeploymentPostprocessing = 0;
		};
/* End PBXResourcesBuildPhase section */

/* Begin PBXShellScriptBuildPhase section */
		0060CE05574DFA824471AD91 /* [CP] Embed Pods Frameworks */ = {
			isa = PBXShellScriptBuildPhase;
			buildActionMask = 2147483647;
			files = (
			);
			inputPaths = (
			);
			name = "[CP] Embed Pods Frameworks";
			outputPaths = (
			);
			runOnlyForDeploymentPostprocessing = 0;
			shellPath = /bin/sh;
			shellScript = "\"${SRCROOT}/Pods/Target Support Files/Pods-rainyShinyCloudyTests/Pods-rainyShinyCloudyTests-frameworks.sh\"\n";
			showEnvVarsInLog = 0;
		};
		00E6A47A6AE891B9D72FDDAE /* [CP] Copy Pods Resources */ = {
			isa = PBXShellScriptBuildPhase;
			buildActionMask = 2147483647;
			files = (
			);
			inputPaths = (
			);
			name = "[CP] Copy Pods Resources";
			outputPaths = (
			);
			runOnlyForDeploymentPostprocessing = 0;
			shellPath = /bin/sh;
			shellScript = "\"${SRCROOT}/Pods/Target Support Files/Pods-rainyShinyCloudyUITests/Pods-rainyShinyCloudyUITests-resources.sh\"\n";
			showEnvVarsInLog = 0;
		};
		04D71A71582F76ABD0FDE996 /* [CP] Check Pods Manifest.lock */ = {
			isa = PBXShellScriptBuildPhase;
			buildActionMask = 2147483647;
			files = (
			);
			inputPaths = (
			);
			name = "[CP] Check Pods Manifest.lock";
			outputPaths = (
			);
			runOnlyForDeploymentPostprocessing = 0;
			shellPath = /bin/sh;
			shellScript = "diff \"${PODS_ROOT}/../Podfile.lock\" \"${PODS_ROOT}/Manifest.lock\" > /dev/null\nif [ $? != 0 ] ; then\n    # print error to STDERR\n    echo \"error: The sandbox is not in sync with the Podfile.lock. Run 'pod install' or update your CocoaPods installation.\" >&2\n    exit 1\nfi\n";
			showEnvVarsInLog = 0;
		};
		463D6579A3BED55B8BE97504 /* [CP] Embed Pods Frameworks */ = {
			isa = PBXShellScriptBuildPhase;
			buildActionMask = 2147483647;
			files = (
			);
			inputPaths = (
			);
			name = "[CP] Embed Pods Frameworks";
			outputPaths = (
			);
			runOnlyForDeploymentPostprocessing = 0;
			shellPath = /bin/sh;
			shellScript = "\"${SRCROOT}/Pods/Target Support Files/Pods-rainyShinyCloudyUITests/Pods-rainyShinyCloudyUITests-frameworks.sh\"\n";
			showEnvVarsInLog = 0;
		};
		63BA4972E32DC0E1C6AEBD69 /* [CP] Copy Pods Resources */ = {
			isa = PBXShellScriptBuildPhase;
			buildActionMask = 2147483647;
			files = (
			);
			inputPaths = (
			);
			name = "[CP] Copy Pods Resources";
			outputPaths = (
			);
			runOnlyForDeploymentPostprocessing = 0;
			shellPath = /bin/sh;
			shellScript = "\"${SRCROOT}/Pods/Target Support Files/Pods-rainyShinyCloudy/Pods-rainyShinyCloudy-resources.sh\"\n";
			showEnvVarsInLog = 0;
		};
		7BA5169E523A5664EA3AD23E /* [CP] Copy Pods Resources */ = {
			isa = PBXShellScriptBuildPhase;
			buildActionMask = 2147483647;
			files = (
			);
			inputPaths = (
			);
			name = "[CP] Copy Pods Resources";
			outputPaths = (
			);
			runOnlyForDeploymentPostprocessing = 0;
			shellPath = /bin/sh;
			shellScript = "\"${SRCROOT}/Pods/Target Support Files/Pods-rainyShinyCloudyTests/Pods-rainyShinyCloudyTests-resources.sh\"\n";
			showEnvVarsInLog = 0;
		};
		7C8E4927067F1AB0C7818A79 /* [CP] Check Pods Manifest.lock */ = {
			isa = PBXShellScriptBuildPhase;
			buildActionMask = 2147483647;
			files = (
			);
			inputPaths = (
			);
			name = "[CP] Check Pods Manifest.lock";
			outputPaths = (
			);
			runOnlyForDeploymentPostprocessing = 0;
			shellPath = /bin/sh;
			shellScript = "diff \"${PODS_ROOT}/../Podfile.lock\" \"${PODS_ROOT}/Manifest.lock\" > /dev/null\nif [ $? != 0 ] ; then\n    # print error to STDERR\n    echo \"error: The sandbox is not in sync with the Podfile.lock. Run 'pod install' or update your CocoaPods installation.\" >&2\n    exit 1\nfi\n";
			showEnvVarsInLog = 0;
		};
		C81ED4CD085557F37E8481C1 /* [CP] Check Pods Manifest.lock */ = {
			isa = PBXShellScriptBuildPhase;
			buildActionMask = 2147483647;
			files = (
			);
			inputPaths = (
			);
			name = "[CP] Check Pods Manifest.lock";
			outputPaths = (
			);
			runOnlyForDeploymentPostprocessing = 0;
			shellPath = /bin/sh;
			shellScript = "diff \"${PODS_ROOT}/../Podfile.lock\" \"${PODS_ROOT}/Manifest.lock\" > /dev/null\nif [ $? != 0 ] ; then\n    # print error to STDERR\n    echo \"error: The sandbox is not in sync with the Podfile.lock. Run 'pod install' or update your CocoaPods installation.\" >&2\n    exit 1\nfi\n";
			showEnvVarsInLog = 0;
		};
		F4BA6290B80592E4D164F946 /* [CP] Embed Pods Frameworks */ = {
			isa = PBXShellScriptBuildPhase;
			buildActionMask = 2147483647;
			files = (
			);
			inputPaths = (
			);
			name = "[CP] Embed Pods Frameworks";
			outputPaths = (
			);
			runOnlyForDeploymentPostprocessing = 0;
			shellPath = /bin/sh;
			shellScript = "\"${SRCROOT}/Pods/Target Support Files/Pods-rainyShinyCloudy/Pods-rainyShinyCloudy-frameworks.sh\"\n";
			showEnvVarsInLog = 0;
		};
/* End PBXShellScriptBuildPhase section */

/* Begin PBXSourcesBuildPhase section */
		F54E0CDB1DDAC2B400652D6E /* Sources */ = {
			isa = PBXSourcesBuildPhase;
			buildActionMask = 2147483647;
			files = (
				F54E0CE51DDAC2B400652D6E /* WeatherVC.swift in Sources */,
				F54E0D111DDCC30000652D6E /* Constants .swift in Sources */,
				F54E0D131DDCEB3700652D6E /* CurrentWeather.swift in Sources */,
				F54E0CE31DDAC2B400652D6E /* AppDelegate.swift in Sources */,
			);
			runOnlyForDeploymentPostprocessing = 0;
		};
		F54E0CEF1DDAC2B400652D6E /* Sources */ = {
			isa = PBXSourcesBuildPhase;
			buildActionMask = 2147483647;
			files = (
				F54E0CF81DDAC2B400652D6E /* rainyShinyCloudyTests.swift in Sources */,
			);
			runOnlyForDeploymentPostprocessing = 0;
		};
		F54E0CFA1DDAC2B400652D6E /* Sources */ = {
			isa = PBXSourcesBuildPhase;
			buildActionMask = 2147483647;
			files = (
				F54E0D031DDAC2B400652D6E /* rainyShinyCloudyUITests.swift in Sources */,
			);
			runOnlyForDeploymentPostprocessing = 0;
		};
/* End PBXSourcesBuildPhase section */

/* Begin PBXTargetDependency section */
		F54E0CF51DDAC2B400652D6E /* PBXTargetDependency */ = {
			isa = PBXTargetDependency;
			target = F54E0CDE1DDAC2B400652D6E /* rainyShinyCloudy */;
			targetProxy = F54E0CF41DDAC2B400652D6E /* PBXContainerItemProxy */;
		};
		F54E0D001DDAC2B400652D6E /* PBXTargetDependency */ = {
			isa = PBXTargetDependency;
			target = F54E0CDE1DDAC2B400652D6E /* rainyShinyCloudy */;
			targetProxy = F54E0CFF1DDAC2B400652D6E /* PBXContainerItemProxy */;
		};
/* End PBXTargetDependency section */

/* Begin PBXVariantGroup section */
		F54E0CE61DDAC2B400652D6E /* Main.storyboard */ = {
			isa = PBXVariantGroup;
			children = (
				F54E0CE71DDAC2B400652D6E /* Base */,
			);
			name = Main.storyboard;
			sourceTree = "<group>";
		};
		F54E0CEB1DDAC2B400652D6E /* LaunchScreen.storyboard */ = {
			isa = PBXVariantGroup;
			children = (
				F54E0CEC1DDAC2B400652D6E /* Base */,
			);
			name = LaunchScreen.storyboard;
			sourceTree = "<group>";
		};
/* End PBXVariantGroup section */

/* Begin XCBuildConfiguration section */
		F54E0D051DDAC2B400652D6E /* Debug */ = {
			isa = XCBuildConfiguration;
			buildSettings = {
				ALWAYS_SEARCH_USER_PATHS = NO;
				CLANG_ANALYZER_NONNULL = YES;
				CLANG_CXX_LANGUAGE_STANDARD = "gnu++0x";
				CLANG_CXX_LIBRARY = "libc++";
				CLANG_ENABLE_MODULES = YES;
				CLANG_ENABLE_OBJC_ARC = YES;
				CLANG_WARN_BOOL_CONVERSION = YES;
				CLANG_WARN_CONSTANT_CONVERSION = YES;
				CLANG_WARN_DIRECT_OBJC_ISA_USAGE = YES_ERROR;
				CLANG_WARN_DOCUMENTATION_COMMENTS = YES;
				CLANG_WARN_EMPTY_BODY = YES;
				CLANG_WARN_ENUM_CONVERSION = YES;
				CLANG_WARN_INFINITE_RECURSION = YES;
				CLANG_WARN_INT_CONVERSION = YES;
				CLANG_WARN_OBJC_ROOT_CLASS = YES_ERROR;
				CLANG_WARN_SUSPICIOUS_MOVES = YES;
				CLANG_WARN_UNREACHABLE_CODE = YES;
				CLANG_WARN__DUPLICATE_METHOD_MATCH = YES;
				"CODE_SIGN_IDENTITY[sdk=iphoneos*]" = "iPhone Developer";
				COPY_PHASE_STRIP = NO;
				DEBUG_INFORMATION_FORMAT = dwarf;
				ENABLE_STRICT_OBJC_MSGSEND = YES;
				ENABLE_TESTABILITY = YES;
				GCC_C_LANGUAGE_STANDARD = gnu99;
				GCC_DYNAMIC_NO_PIC = NO;
				GCC_NO_COMMON_BLOCKS = YES;
				GCC_OPTIMIZATION_LEVEL = 0;
				GCC_PREPROCESSOR_DEFINITIONS = (
					"DEBUG=1",
					"$(inherited)",
				);
				GCC_WARN_64_TO_32_BIT_CONVERSION = YES;
				GCC_WARN_ABOUT_RETURN_TYPE = YES_ERROR;
				GCC_WARN_UNDECLARED_SELECTOR = YES;
				GCC_WARN_UNINITIALIZED_AUTOS = YES_AGGRESSIVE;
				GCC_WARN_UNUSED_FUNCTION = YES;
				GCC_WARN_UNUSED_VARIABLE = YES;
				IPHONEOS_DEPLOYMENT_TARGET = 10.0;
				MTL_ENABLE_DEBUG_INFO = YES;
				ONLY_ACTIVE_ARCH = YES;
				SDKROOT = iphoneos;
				SWIFT_ACTIVE_COMPILATION_CONDITIONS = DEBUG;
				SWIFT_OPTIMIZATION_LEVEL = "-Onone";
				TARGETED_DEVICE_FAMILY = "1,2";
			};
			name = Debug;
		};
		F54E0D061DDAC2B400652D6E /* Release */ = {
			isa = XCBuildConfiguration;
			buildSettings = {
				ALWAYS_SEARCH_USER_PATHS = NO;
				CLANG_ANALYZER_NONNULL = YES;
				CLANG_CXX_LANGUAGE_STANDARD = "gnu++0x";
				CLANG_CXX_LIBRARY = "libc++";
				CLANG_ENABLE_MODULES = YES;
				CLANG_ENABLE_OBJC_ARC = YES;
				CLANG_WARN_BOOL_CONVERSION = YES;
				CLANG_WARN_CONSTANT_CONVERSION = YES;
				CLANG_WARN_DIRECT_OBJC_ISA_USAGE = YES_ERROR;
				CLANG_WARN_DOCUMENTATION_COMMENTS = YES;
				CLANG_WARN_EMPTY_BODY = YES;
				CLANG_WARN_ENUM_CONVERSION = YES;
				CLANG_WARN_INFINITE_RECURSION = YES;
				CLANG_WARN_INT_CONVERSION = YES;
				CLANG_WARN_OBJC_ROOT_CLASS = YES_ERROR;
				CLANG_WARN_SUSPICIOUS_MOVES = YES;
				CLANG_WARN_UNREACHABLE_CODE = YES;
				CLANG_WARN__DUPLICATE_METHOD_MATCH = YES;
				"CODE_SIGN_IDENTITY[sdk=iphoneos*]" = "iPhone Developer";
				COPY_PHASE_STRIP = NO;
				DEBUG_INFORMATION_FORMAT = "dwarf-with-dsym";
				ENABLE_NS_ASSERTIONS = NO;
				ENABLE_STRICT_OBJC_MSGSEND = YES;
				GCC_C_LANGUAGE_STANDARD = gnu99;
				GCC_NO_COMMON_BLOCKS = YES;
				GCC_WARN_64_TO_32_BIT_CONVERSION = YES;
				GCC_WARN_ABOUT_RETURN_TYPE = YES_ERROR;
				GCC_WARN_UNDECLARED_SELECTOR = YES;
				GCC_WARN_UNINITIALIZED_AUTOS = YES_AGGRESSIVE;
				GCC_WARN_UNUSED_FUNCTION = YES;
				GCC_WARN_UNUSED_VARIABLE = YES;
				IPHONEOS_DEPLOYMENT_TARGET = 10.0;
				MTL_ENABLE_DEBUG_INFO = NO;
				SDKROOT = iphoneos;
				SWIFT_OPTIMIZATION_LEVEL = "-Owholemodule";
				TARGETED_DEVICE_FAMILY = "1,2";
				VALIDATE_PRODUCT = YES;
			};
			name = Release;
		};
		F54E0D081DDAC2B400652D6E /* Debug */ = {
			isa = XCBuildConfiguration;
			baseConfigurationReference = D04A4168F9A34368AB722DDB /* Pods-rainyShinyCloudy.debug.xcconfig */;
			buildSettings = {
				ASSETCATALOG_COMPILER_APPICON_NAME = AppIcon;
				INFOPLIST_FILE = rainyShinyCloudy/Info.plist;
				LD_RUNPATH_SEARCH_PATHS = "$(inherited) @executable_path/Frameworks";
				PRODUCT_BUNDLE_IDENTIFIER = com.mycomp.rainyShinyCloudy;
				PRODUCT_NAME = "$(TARGET_NAME)";
				SWIFT_VERSION = 3.0;
				TARGETED_DEVICE_FAMILY = 1;
			};
			name = Debug;
		};
		F54E0D091DDAC2B400652D6E /* Release */ = {
			isa = XCBuildConfiguration;
			baseConfigurationReference = 661DCE5CF5A274DDD9A334BF /* Pods-rainyShinyCloudy.release.xcconfig */;
			buildSettings = {
				ASSETCATALOG_COMPILER_APPICON_NAME = AppIcon;
				INFOPLIST_FILE = rainyShinyCloudy/Info.plist;
				LD_RUNPATH_SEARCH_PATHS = "$(inherited) @executable_path/Frameworks";
				PRODUCT_BUNDLE_IDENTIFIER = com.mycomp.rainyShinyCloudy;
				PRODUCT_NAME = "$(TARGET_NAME)";
				SWIFT_VERSION = 3.0;
				TARGETED_DEVICE_FAMILY = 1;
			};
			name = Release;
		};
		F54E0D0B1DDAC2B400652D6E /* Debug */ = {
			isa = XCBuildConfiguration;
			baseConfigurationReference = A73B0092E99457AFFF0242E6 /* Pods-rainyShinyCloudyTests.debug.xcconfig */;
			buildSettings = {
				ALWAYS_EMBED_SWIFT_STANDARD_LIBRARIES = YES;
				BUNDLE_LOADER = "$(TEST_HOST)";
				INFOPLIST_FILE = rainyShinyCloudyTests/Info.plist;
				LD_RUNPATH_SEARCH_PATHS = "$(inherited) @executable_path/Frameworks @loader_path/Frameworks";
				PRODUCT_BUNDLE_IDENTIFIER = com.mycomp.rainyShinyCloudyTests;
				PRODUCT_NAME = "$(TARGET_NAME)";
				SWIFT_VERSION = 3.0;
				TEST_HOST = "$(BUILT_PRODUCTS_DIR)/rainyShinyCloudy.app/rainyShinyCloudy";
			};
			name = Debug;
		};
		F54E0D0C1DDAC2B400652D6E /* Release */ = {
			isa = XCBuildConfiguration;
			baseConfigurationReference = 53E3DD3E30F8A9FB2032D20F /* Pods-rainyShinyCloudyTests.release.xcconfig */;
			buildSettings = {
				ALWAYS_EMBED_SWIFT_STANDARD_LIBRARIES = YES;
				BUNDLE_LOADER = "$(TEST_HOST)";
				INFOPLIST_FILE = rainyShinyCloudyTests/Info.plist;
				LD_RUNPATH_SEARCH_PATHS = "$(inherited) @executable_path/Frameworks @loader_path/Frameworks";
				PRODUCT_BUNDLE_IDENTIFIER = com.mycomp.rainyShinyCloudyTests;
				PRODUCT_NAME = "$(TARGET_NAME)";
				SWIFT_VERSION = 3.0;
				TEST_HOST = "$(BUILT_PRODUCTS_DIR)/rainyShinyCloudy.app/rainyShinyCloudy";
			};
			name = Release;
		};
		F54E0D0E1DDAC2B400652D6E /* Debug */ = {
			isa = XCBuildConfiguration;
			baseConfigurationReference = 9539F989D2C516D95D66F4C4 /* Pods-rainyShinyCloudyUITests.debug.xcconfig */;
			buildSettings = {
				ALWAYS_EMBED_SWIFT_STANDARD_LIBRARIES = YES;
				INFOPLIST_FILE = rainyShinyCloudyUITests/Info.plist;
				LD_RUNPATH_SEARCH_PATHS = "$(inherited) @executable_path/Frameworks @loader_path/Frameworks";
				PRODUCT_BUNDLE_IDENTIFIER = com.mycomp.rainyShinyCloudyUITests;
				PRODUCT_NAME = "$(TARGET_NAME)";
				SWIFT_VERSION = 3.0;
				TEST_TARGET_NAME = rainyShinyCloudy;
			};
			name = Debug;
		};
		F54E0D0F1DDAC2B400652D6E /* Release */ = {
			isa = XCBuildConfiguration;
			baseConfigurationReference = 551687C13FF5B1D47248B550 /* Pods-rainyShinyCloudyUITests.release.xcconfig */;
			buildSettings = {
				ALWAYS_EMBED_SWIFT_STANDARD_LIBRARIES = YES;
				INFOPLIST_FILE = rainyShinyCloudyUITests/Info.plist;
				LD_RUNPATH_SEARCH_PATHS = "$(inherited) @executable_path/Frameworks @loader_path/Frameworks";
				PRODUCT_BUNDLE_IDENTIFIER = com.mycomp.rainyShinyCloudyUITests;
				PRODUCT_NAME = "$(TARGET_NAME)";
				SWIFT_VERSION = 3.0;
				TEST_TARGET_NAME = rainyShinyCloudy;
			};
			name = Release;
		};
/* End XCBuildConfiguration section */

/* Begin XCConfigurationList section */
		F54E0CDA1DDAC2B400652D6E /* Build configuration list for PBXProject "rainyShinyCloudy" */ = {
			isa = XCConfigurationList;
			buildConfigurations = (
				F54E0D051DDAC2B400652D6E /* Debug */,
				F54E0D061DDAC2B400652D6E /* Release */,
			);
			defaultConfigurationIsVisible = 0;
			defaultConfigurationName = Release;
		};
		F54E0D071DDAC2B400652D6E /* Build configuration list for PBXNativeTarget "rainyShinyCloudy" */ = {
			isa = XCConfigurationList;
			buildConfigurations = (
				F54E0D081DDAC2B400652D6E /* Debug */,
				F54E0D091DDAC2B400652D6E /* Release */,
			);
			defaultConfigurationIsVisible = 0;
			defaultConfigurationName = Release;
		};
		F54E0D0A1DDAC2B400652D6E /* Build configuration list for PBXNativeTarget "rainyShinyCloudyTests" */ = {
			isa = XCConfigurationList;
			buildConfigurations = (
				F54E0D0B1DDAC2B400652D6E /* Debug */,
				F54E0D0C1DDAC2B400652D6E /* Release */,
			);
			defaultConfigurationIsVisible = 0;
			defaultConfigurationName = Release;
		};
		F54E0D0D1DDAC2B400652D6E /* Build configuration list for PBXNativeTarget "rainyShinyCloudyUITests" */ = {
			isa = XCConfigurationList;
			buildConfigurations = (
				F54E0D0E1DDAC2B400652D6E /* Debug */,
				F54E0D0F1DDAC2B400652D6E /* Release */,
			);
			defaultConfigurationIsVisible = 0;
			defaultConfigurationName = Release;
		};
/* End XCConfigurationList section */
	};
	rootObject = F54E0CD71DDAC2B400652D6E /* Project object */;
}
