PODS:
  - Alamofire (4.0.1)

DEPENDENCIES:
  - Alamofire (from `https://github.com/Alamofire/Alamofire.git`, branch `master`)

EXTERNAL SOURCES:
  Alamofire:
    :branch: master
    :git: https://github.com/Alamofire/Alamofire.git

CHECKOUT OPTIONS:
  Alamofire:
    :commit: 928cdae0c54957cb53a6873ec64a109bc6a1be60
    :git: https://github.com/Alamofire/Alamofire.git

SPEC CHECKSUMS:
  Alamofire: 7682d43245de14874acd142ec137b144aa1dd335

PODFILE CHECKSUM: 443136479b74c8dc8b708ea013c7415d9834dd11

COCOAPODS: 1.1.1
